# This file is autogenerated, do not edit; changes may be undone by the next 'dep ensure'.


[[projects]]
  branch = "master"
  name = "github.com/die-net/lrucache"
  packages = ["."]
  revision = "36174c11a4bb5b86413af31527b6a1469426ed06"

[[projects]]
  branch = "master"
  name = "github.com/gregjones/httpcache"
  packages = ["."]
  revision = "c1f8028e62adb3d518b823a2f8e6a95c38bdd3aa"

[solve-meta]
  analyzer-name = "dep"
  analyzer-version = 1
  inputs-digest = "79442142112cc12d01d9873dd982f6f0f893020250f2167a6f6cd88a330c72a0"
  solver-name = "gps-cdcl"
  solver-version = 1
