# This file is autogenerated, do not edit; changes may be undone by the next 'dep ensure'.


[[projects]]
  branch = "master"
  name = "github.com/die-net/lrucache"
  packages = ["."]
  revision = "36174c11a4bb5b86413af31527b6a1469426ed06"

[[projects]]
  name = "github.com/gregjones/httpcache"
  packages = ["."]
  revision = "efb97ba34474a188f31774506c4bb70b00dcde09"

[solve-meta]
  analyzer-name = "dep"
  analyzer-version = 1
  inputs-digest = "e47d5bbb763ff30f361611b44a6914cb581081f95677f827c1e8c8e02682462e"
  solver-name = "gps-cdcl"
  solver-version = 1
